
Microsoft Visual Studio Solution File, Format Version 12.00
# Visual Studio Version 17
VisualStudioVersion = 17.11.35312.102
MinimumVisualStudioVersion = 10.0.40219.1
Project("{FAE04EC0-301F-11D3-BF4B-00C04F79EFBC}") = "BTL_Food", "BTL_Food\BTL_Food.csproj", "{3069C948-2AB1-4A42-945C-C9FD5210CAC8}"
EndProject
Global
	GlobalSection(SolutionConfigurationPlatforms) = preSolution
		Debug|Any CPU = Debug|Any CPU
		Release|Any CPU = Release|Any CPU
	EndGlobalSection
	GlobalSection(ProjectConfigurationPlatforms) = postSolution
		{3069C948-2AB1-4A42-945C-C9FD5210CAC8}.Debug|Any CPU.ActiveCfg = Debug|Any CPU
		{3069C948-2AB1-4A42-945C-C9FD5210CAC8}.Debug|Any CPU.Build.0 = Debug|Any CPU
		{3069C948-2AB1-4A42-945C-C9FD5210CAC8}.Release|Any CPU.ActiveCfg = Release|Any CPU
		{3069C948-2AB1-4A42-945C-C9FD5210CAC8}.Release|Any CPU.Build.0 = Release|Any CPU
	EndGlobalSection
	GlobalSection(SolutionProperties) = preSolution
		HideSolutionNode = FALSE
	EndGlobalSection
	GlobalSection(ExtensibilityGlobals) = postSolution
		SolutionGuid = {E3B90020-D2F3-4AE9-AC89-E9038A7AB501}
	EndGlobalSection
EndGlobal
